// !$*UTF8*$!
{
	archiveVersion = 1;
	classes = {
	};
	objectVersion = 50;
	objects = {

/* Begin PBXBuildFile section */
		17203F352598935800F4F3A5 /* AppDelegate.swift in Sources */ = {isa = PBXBuildFile; fileRef = 17203F342598935800F4F3A5 /* AppDelegate.swift */; };
		17203F372598935800F4F3A5 /* SceneDelegate.swift in Sources */ = {isa = PBXBuildFile; fileRef = 17203F362598935800F4F3A5 /* SceneDelegate.swift */; };
		17203F392598935800F4F3A5 /* ViewController.swift in Sources */ = {isa = PBXBuildFile; fileRef = 17203F382598935800F4F3A5 /* ViewController.swift */; };
		17203F3C2598935800F4F3A5 /* Main.storyboard in Resources */ = {isa = PBXBuildFile; fileRef = 17203F3A2598935800F4F3A5 /* Main.storyboard */; };
		17203F3E2598935900F4F3A5 /* Assets.xcassets in Resources */ = {isa = PBXBuildFile; fileRef = 17203F3D2598935900F4F3A5 /* Assets.xcassets */; };
		17203F412598935900F4F3A5 /* LaunchScreen.storyboard in Resources */ = {isa = PBXBuildFile; fileRef = 17203F3F2598935900F4F3A5 /* LaunchScreen.storyboard */; };
		17203F4C2598935A00F4F3A5 /* TestTests.swift in Sources */ = {isa = PBXBuildFile; fileRef = 17203F4B2598935A00F4F3A5 /* TestTests.swift */; };
		17203F572598935A00F4F3A5 /* TestUITests.swift in Sources */ = {isa = PBXBuildFile; fileRef = 17203F562598935A00F4F3A5 /* TestUITests.swift */; };
/* End PBXBuildFile section */

/* Begin PBXContainerItemProxy section */
		17203F482598935A00F4F3A5 /* PBXContainerItemProxy */ = {
			isa = PBXContainerItemProxy;
			containerPortal = 17203F292598935800F4F3A5 /* Project object */;
			proxyType = 1;
			remoteGlobalIDString = 17203F302598935800F4F3A5;
			remoteInfo = Test;
		};
		17203F532598935A00F4F3A5 /* PBXContainerItemProxy */ = {
			isa = PBXContainerItemProxy;
			containerPortal = 17203F292598935800F4F3A5 /* Project object */;
			proxyType = 1;
			remoteGlobalIDString = 17203F302598935800F4F3A5;
			remoteInfo = Test;
		};
/* End PBXContainerItemProxy section */

/* Begin PBXFileReference section */
		17203F312598935800F4F3A5 /* Test.app */ = {isa = PBXFileReference; explicitFileType = wrapper.application; includeInIndex = 0; path = Test.app; sourceTree = BUILT_PRODUCTS_DIR; };
		17203F342598935800F4F3A5 /* AppDelegate.swift */ = {isa = PBXFileReference; lastKnownFileType = sourcecode.swift; path = AppDelegate.swift; sourceTree = "<group>"; };
		17203F362598935800F4F3A5 /* SceneDelegate.swift */ = {isa = PBXFileReference; lastKnownFileType = sourcecode.swift; path = SceneDelegate.swift; sourceTree = "<group>"; };
		17203F382598935800F4F3A5 /* ViewController.swift */ = {isa = PBXFileReference; lastKnownFileType = sourcecode.swift; path = ViewController.swift; sourceTree = "<group>"; };
		17203F3B2598935800F4F3A5 /* Base */ = {isa = PBXFileReference; lastKnownFileType = file.storyboard; name = Base; path = Base.lproj/Main.storyboard; sourceTree = "<group>"; };
		17203F3D2598935900F4F3A5 /* Assets.xcassets */ = {isa = PBXFileReference; lastKnownFileType = folder.assetcatalog; path = Assets.xcassets; sourceTree = "<group>"; };
		17203F402598935900F4F3A5 /* Base */ = {isa = PBXFileReference; lastKnownFileType = file.storyboard; name = Base; path = Base.lproj/LaunchScreen.storyboard; sourceTree = "<group>"; };
		17203F422598935900F4F3A5 /* Info.plist */ = {isa = PBXFileReference; lastKnownFileType = text.plist.xml; path = Info.plist; sourceTree = "<group>"; };
		17203F472598935A00F4F3A5 /* TestTests.xctest */ = {isa = PBXFileReference; explicitFileType = wrapper.cfbundle; includeInIndex = 0; path = TestTests.xctest; sourceTree = BUILT_PRODUCTS_DIR; };
		17203F4B2598935A00F4F3A5 /* TestTests.swift */ = {isa = PBXFileReference; lastKnownFileType = sourcecode.swift; path = TestTests.swift; sourceTree = "<group>"; };
		17203F4D2598935A00F4F3A5 /* Info.plist */ = {isa = PBXFileReference; lastKnownFileType = text.plist.xml; path = Info.plist; sourceTree = "<group>"; };
		17203F522598935A00F4F3A5 /* TestUITests.xctest */ = {isa = PBXFileReference; explicitFileType = wrapper.cfbundle; includeInIndex = 0; path = TestUITests.xctest; sourceTree = BUILT_PRODUCTS_DIR; };
		17203F562598935A00F4F3A5 /* TestUITests.swift */ = {isa = PBXFileReference; lastKnownFileType = sourcecode.swift; path = TestUITests.swift; sourceTree = "<group>"; };
		17203F582598935A00F4F3A5 /* Info.plist */ = {isa = PBXFileReference; lastKnownFileType = text.plist.xml; path = Info.plist; sourceTree = "<group>"; };
/* End PBXFileReference section */

/* Begin PBXFrameworksBuildPhase section */
		17203F2E2598935800F4F3A5 /* Frameworks */ = {
			isa = PBXFrameworksBuildPhase;
			buildActionMask = 2147483647;
			files = (
			);
			runOnlyForDeploymentPostprocessing = 0;
		};
		17203F442598935A00F4F3A5 /* Frameworks */ = {
			isa = PBXFrameworksBuildPhase;
			buildActionMask = 2147483647;
			files = (
			);
			runOnlyForDeploymentPostprocessing = 0;
		};
		17203F4F2598935A00F4F3A5 /* Frameworks */ = {
			isa = PBXFrameworksBuildPhase;
			buildActionMask = 2147483647;
			files = (
			);
			runOnlyForDeploymentPostprocessing = 0;
		};
/* End PBXFrameworksBuildPhase section */

/* Begin PBXGroup section */
		17203F282598935800F4F3A5 = {
			isa = PBXGroup;
			children = (
				17203F332598935800F4F3A5 /* Test */,
				17203F4A2598935A00F4F3A5 /* TestTests */,
				17203F552598935A00F4F3A5 /* TestUITests */,
				17203F322598935800F4F3A5 /* Products */,
			);
			sourceTree = "<group>";
		};
		17203F322598935800F4F3A5 /* Products */ = {
			isa = PBXGroup;
			children = (
				17203F312598935800F4F3A5 /* Test.app */,
				17203F472598935A00F4F3A5 /* TestTests.xctest */,
				17203F522598935A00F4F3A5 /* TestUITests.xctest */,
			);
			name = Products;
			sourceTree = "<group>";
		};
		17203F332598935800F4F3A5 /* Test */ = {
			isa = PBXGroup;
			children = (
				17203F342598935800F4F3A5 /* AppDelegate.swift */,
				17203F362598935800F4F3A5 /* SceneDelegate.swift */,
				17203F382598935800F4F3A5 /* ViewController.swift */,
				17203F3A2598935800F4F3A5 /* Main.storyboard */,
				17203F3D2598935900F4F3A5 /* Assets.xcassets */,
				17203F3F2598935900F4F3A5 /* LaunchScreen.storyboard */,
				17203F422598935900F4F3A5 /* Info.plist */,
			);
			path = Test;
			sourceTree = "<group>";
		};
		17203F4A2598935A00F4F3A5 /* TestTests */ = {
			isa = PBXGroup;
			children = (
				17203F4B2598935A00F4F3A5 /* TestTests.swift */,
				17203F4D2598935A00F4F3A5 /* Info.plist */,
			);
			path = TestTests;
			sourceTree = "<group>";
		};
		17203F552598935A00F4F3A5 /* TestUITests */ = {
			isa = PBXGroup;
			children = (
				17203F562598935A00F4F3A5 /* TestUITests.swift */,
				17203F582598935A00F4F3A5 /* Info.plist */,
			);
			path = TestUITests;
			sourceTree = "<group>";
		};
/* End PBXGroup section */

/* Begin PBXNativeTarget section */
		17203F302598935800F4F3A5 /* Test */ = {
			isa = PBXNativeTarget;
			buildConfigurationList = 17203F5B2598935A00F4F3A5 /* Build configuration list for PBXNativeTarget "Test" */;
			buildPhases = (
				17203F2D2598935800F4F3A5 /* Sources */,
				17203F2E2598935800F4F3A5 /* Frameworks */,
				17203F2F2598935800F4F3A5 /* Resources */,
			);
			buildRules = (
			);
			dependencies = (
			);
			name = Test;
			productName = Test;
			productReference = 17203F312598935800F4F3A5 /* Test.app */;
			productType = "com.apple.product-type.application";
		};
		17203F462598935A00F4F3A5 /* TestTests */ = {
			isa = PBXNativeTarget;
			buildConfigurationList = 17203F5E2598935A00F4F3A5 /* Build configuration list for PBXNativeTarget "TestTests" */;
			buildPhases = (
				17203F432598935A00F4F3A5 /* Sources */,
				17203F442598935A00F4F3A5 /* Frameworks */,
				17203F452598935A00F4F3A5 /* Resources */,
			);
			buildRules = (
			);
			dependencies = (
				17203F492598935A00F4F3A5 /* PBXTargetDependency */,
			);
			name = TestTests;
			productName = TestTests;
			productReference = 17203F472598935A00F4F3A5 /* TestTests.xctest */;
			productType = "com.apple.product-type.bundle.unit-test";
		};
		17203F512598935A00F4F3A5 /* TestUITests */ = {
			isa = PBXNativeTarget;
			buildConfigurationList = 17203F612598935A00F4F3A5 /* Build configuration list for PBXNativeTarget "TestUITests" */;
			buildPhases = (
				17203F4E2598935A00F4F3A5 /* Sources */,
				17203F4F2598935A00F4F3A5 /* Frameworks */,
				17203F502598935A00F4F3A5 /* Resources */,
			);
			buildRules = (
			);
			dependencies = (
				17203F542598935A00F4F3A5 /* PBXTargetDependency */,
			);
			name = TestUITests;
			productName = TestUITests;
			productReference = 17203F522598935A00F4F3A5 /* TestUITests.xctest */;
			productType = "com.apple.product-type.bundle.ui-testing";
		};
/* End PBXNativeTarget section */

/* Begin PBXProject section */
		17203F292598935800F4F3A5 /* Project object */ = {
			isa = PBXProject;
			attributes = {
				LastSwiftUpdateCheck = 1230;
				LastUpgradeCheck = 1230;
				TargetAttributes = {
					17203F302598935800F4F3A5 = {
						CreatedOnToolsVersion = 12.3;
					};
					17203F462598935A00F4F3A5 = {
						CreatedOnToolsVersion = 12.3;
						TestTargetID = 17203F302598935800F4F3A5;
					};
					17203F512598935A00F4F3A5 = {
						CreatedOnToolsVersion = 12.3;
						TestTargetID = 17203F302598935800F4F3A5;
					};
				};
			};
			buildConfigurationList = 17203F2C2598935800F4F3A5 /* Build configuration list for PBXProject "Test" */;
			compatibilityVersion = "Xcode 9.3";
			developmentRegion = en;
			hasScannedForEncodings = 0;
			knownRegions = (
				en,
				Base,
			);
			mainGroup = 17203F282598935800F4F3A5;
			productRefGroup = 17203F322598935800F4F3A5 /* Products */;
			projectDirPath = "";
			projectRoot = "";
			targets = (
				17203F302598935800F4F3A5 /* Test */,
				17203F462598935A00F4F3A5 /* TestTests */,
				17203F512598935A00F4F3A5 /* TestUITests */,
			);
		};
/* End PBXProject section */

/* Begin PBXResourcesBuildPhase section */
		17203F2F2598935800F4F3A5 /* Resources */ = {
			isa = PBXResourcesBuildPhase;
			buildActionMask = 2147483647;
			files = (
				17203F412598935900F4F3A5 /* LaunchScreen.storyboard in Resources */,
				17203F3E2598935900F4F3A5 /* Assets.xcassets in Resources */,
				17203F3C2598935800F4F3A5 /* Main.storyboard in Resources */,
			);
			runOnlyForDeploymentPostprocessing = 0;
		};
		17203F452598935A00F4F3A5 /* Resources */ = {
			isa = PBXResourcesBuildPhase;
			buildActionMask = 2147483647;
			files = (
			);
			runOnlyForDeploymentPostprocessing = 0;
		};
		17203F502598935A00F4F3A5 /* Resources */ = {
			isa = PBXResourcesBuildPhase;
			buildActionMask = 2147483647;
			files = (
			);
			runOnlyForDeploymentPostprocessing = 0;
		};
/* End PBXResourcesBuildPhase section */

/* Begin PBXSourcesBuildPhase section */
		17203F2D2598935800F4F3A5 /* Sources */ = {
			isa = PBXSourcesBuildPhase;
			buildActionMask = 2147483647;
			files = (
				17203F392598935800F4F3A5 /* ViewController.swift in Sources */,
				17203F352598935800F4F3A5 /* AppDelegate.swift in Sources */,
				17203F372598935800F4F3A5 /* SceneDelegate.swift in Sources */,
			);
			runOnlyForDeploymentPostprocessing = 0;
		};
		17203F432598935A00F4F3A5 /* Sources */ = {
			isa = PBXSourcesBuildPhase;
			buildActionMask = 2147483647;
			files = (
				17203F4C2598935A00F4F3A5 /* TestTests.swift in Sources */,
			);
			runOnlyForDeploymentPostprocessing = 0;
		};
		17203F4E2598935A00F4F3A5 /* Sources */ = {
			isa = PBXSourcesBuildPhase;
			buildActionMask = 2147483647;
			files = (
				17203F572598935A00F4F3A5 /* TestUITests.swift in Sources */,
			);
			runOnlyForDeploymentPostprocessing = 0;
		};
/* End PBXSourcesBuildPhase section */

/* Begin PBXTargetDependency section */
		17203F492598935A00F4F3A5 /* PBXTargetDependency */ = {
			isa = PBXTargetDependency;
			target = 17203F302598935800F4F3A5 /* Test */;
			targetProxy = 17203F482598935A00F4F3A5 /* PBXContainerItemProxy */;
		};
		17203F542598935A00F4F3A5 /* PBXTargetDependency */ = {
			isa = PBXTargetDependency;
			target = 17203F302598935800F4F3A5 /* Test */;
			targetProxy = 17203F532598935A00F4F3A5 /* PBXContainerItemProxy */;
		};
/* End PBXTargetDependency section */

/* Begin PBXVariantGroup section */
		17203F3A2598935800F4F3A5 /* Main.storyboard */ = {
			isa = PBXVariantGroup;
			children = (
				17203F3B2598935800F4F3A5 /* Base */,
			);
			name = Main.storyboard;
			sourceTree = "<group>";
		};
		17203F3F2598935900F4F3A5 /* LaunchScreen.storyboard */ = {
			isa = PBXVariantGroup;
			children = (
				17203F402598935900F4F3A5 /* Base */,
			);
			name = LaunchScreen.storyboard;
			sourceTree = "<group>";
		};
/* End PBXVariantGroup section */

/* Begin XCBuildConfiguration section */
		17203F592598935A00F4F3A5 /* Debug */ = {
			isa = XCBuildConfiguration;
			buildSettings = {
				ALWAYS_SEARCH_USER_PATHS = NO;
				CLANG_ANALYZER_NONNULL = YES;
				CLANG_ANALYZER_NUMBER_OBJECT_CONVERSION = YES_AGGRESSIVE;
				CLANG_CXX_LANGUAGE_STANDARD = "gnu++14";
				CLANG_CXX_LIBRARY = "libc++";
				CLANG_ENABLE_MODULES = YES;
				CLANG_ENABLE_OBJC_ARC = YES;
				CLANG_ENABLE_OBJC_WEAK = YES;
				CLANG_WARN_BLOCK_CAPTURE_AUTORELEASING = YES;
				CLANG_WARN_BOOL_CONVERSION = YES;
				CLANG_WARN_COMMA = YES;
				CLANG_WARN_CONSTANT_CONVERSION = YES;
				CLANG_WARN_DEPRECATED_OBJC_IMPLEMENTATIONS = YES;
				CLANG_WARN_DIRECT_OBJC_ISA_USAGE = YES_ERROR;
				CLANG_WARN_DOCUMENTATION_COMMENTS = YES;
				CLANG_WARN_EMPTY_BODY = YES;
				CLANG_WARN_ENUM_CONVERSION = YES;
				CLANG_WARN_INFINITE_RECURSION = YES;
				CLANG_WARN_INT_CONVERSION = YES;
				CLANG_WARN_NON_LITERAL_NULL_CONVERSION = YES;
				CLANG_WARN_OBJC_IMPLICIT_RETAIN_SELF = YES;
				CLANG_WARN_OBJC_LITERAL_CONVERSION = YES;
				CLANG_WARN_OBJC_ROOT_CLASS = YES_ERROR;
				CLANG_WARN_QUOTED_INCLUDE_IN_FRAMEWORK_HEADER = YES;
				CLANG_WARN_RANGE_LOOP_ANALYSIS = YES;
				CLANG_WARN_STRICT_PROTOTYPES = YES;
				CLANG_WARN_SUSPICIOUS_MOVE = YES;
				CLANG_WARN_UNGUARDED_AVAILABILITY = YES_AGGRESSIVE;
				CLANG_WARN_UNREACHABLE_CODE = YES;
				CLANG_WARN__DUPLICATE_METHOD_MATCH = YES;
				COPY_PHASE_STRIP = NO;
				DEBUG_INFORMATION_FORMAT = dwarf;
				ENABLE_STRICT_OBJC_MSGSEND = YES;
				ENABLE_TESTABILITY = YES;
				GCC_C_LANGUAGE_STANDARD = gnu11;
				GCC_DYNAMIC_NO_PIC = NO;
				GCC_NO_COMMON_BLOCKS = YES;
				GCC_OPTIMIZATION_LEVEL = 0;
				GCC_PREPROCESSOR_DEFINITIONS = (
					"DEBUG=1",
					"$(inherited)",
				);
				GCC_WARN_64_TO_32_BIT_CONVERSION = YES;
				GCC_WARN_ABOUT_RETURN_TYPE = YES_ERROR;
				GCC_WARN_UNDECLARED_SELECTOR = YES;
				GCC_WARN_UNINITIALIZED_AUTOS = YES_AGGRESSIVE;
				GCC_WARN_UNUSED_FUNCTION = YES;
				GCC_WARN_UNUSED_VARIABLE = YES;
				IPHONEOS_DEPLOYMENT_TARGET = 14.3;
				MTL_ENABLE_DEBUG_INFO = INCLUDE_SOURCE;
				MTL_FAST_MATH = YES;
				ONLY_ACTIVE_ARCH = YES;
				SDKROOT = iphoneos;
				SWIFT_ACTIVE_COMPILATION_CONDITIONS = DEBUG;
				SWIFT_OPTIMIZATION_LEVEL = "-Onone";
			};
			name = Debug;
		};
		17203F5A2598935A00F4F3A5 /* Release */ = {
			isa = XCBuildConfiguration;
			buildSettings = {
				ALWAYS_SEARCH_USER_PATHS = NO;
				CLANG_ANALYZER_NONNULL = YES;
				CLANG_ANALYZER_NUMBER_OBJECT_CONVERSION = YES_AGGRESSIVE;
				CLANG_CXX_LANGUAGE_STANDARD = "gnu++14";
				CLANG_CXX_LIBRARY = "libc++";
				CLANG_ENABLE_MODULES = YES;
				CLANG_ENABLE_OBJC_ARC = YES;
				CLANG_ENABLE_OBJC_WEAK = YES;
				CLANG_WARN_BLOCK_CAPTURE_AUTORELEASING = YES;
				CLANG_WARN_BOOL_CONVERSION = YES;
				CLANG_WARN_COMMA = YES;
				CLANG_WARN_CONSTANT_CONVERSION = YES;
				CLANG_WARN_DEPRECATED_OBJC_IMPLEMENTATIONS = YES;
				CLANG_WARN_DIRECT_OBJC_ISA_USAGE = YES_ERROR;
				CLANG_WARN_DOCUMENTATION_COMMENTS = YES;
				CLANG_WARN_EMPTY_BODY = YES;
				CLANG_WARN_ENUM_CONVERSION = YES;
				CLANG_WARN_INFINITE_RECURSION = YES;
				CLANG_WARN_INT_CONVERSION = YES;
				CLANG_WARN_NON_LITERAL_NULL_CONVERSION = YES;
				CLANG_WARN_OBJC_IMPLICIT_RETAIN_SELF = YES;
				CLANG_WARN_OBJC_LITERAL_CONVERSION = YES;
				CLANG_WARN_OBJC_ROOT_CLASS = YES_ERROR;
				CLANG_WARN_QUOTED_INCLUDE_IN_FRAMEWORK_HEADER = YES;
				CLANG_WARN_RANGE_LOOP_ANALYSIS = YES;
				CLANG_WARN_STRICT_PROTOTYPES = YES;
				CLANG_WARN_SUSPICIOUS_MOVE = YES;
				CLANG_WARN_UNGUARDED_AVAILABILITY = YES_AGGRESSIVE;
				CLANG_WARN_UNREACHABLE_CODE = YES;
				CLANG_WARN__DUPLICATE_METHOD_MATCH = YES;
				COPY_PHASE_STRIP = NO;
				DEBUG_INFORMATION_FORMAT = "dwarf-with-dsym";
				ENABLE_NS_ASSERTIONS = NO;
				ENABLE_STRICT_OBJC_MSGSEND = YES;
				GCC_C_LANGUAGE_STANDARD = gnu11;
				GCC_NO_COMMON_BLOCKS = YES;
				GCC_WARN_64_TO_32_BIT_CONVERSION = YES;
				GCC_WARN_ABOUT_RETURN_TYPE = YES_ERROR;
				GCC_WARN_UNDECLARED_SELECTOR = YES;
				GCC_WARN_UNINITIALIZED_AUTOS = YES_AGGRESSIVE;
				GCC_WARN_UNUSED_FUNCTION = YES;
				GCC_WARN_UNUSED_VARIABLE = YES;
				IPHONEOS_DEPLOYMENT_TARGET = 14.3;
				MTL_ENABLE_DEBUG_INFO = NO;
				MTL_FAST_MATH = YES;
				SDKROOT = iphoneos;
				SWIFT_COMPILATION_MODE = wholemodule;
				SWIFT_OPTIMIZATION_LEVEL = "-O";
				VALIDATE_PRODUCT = YES;
			};
			name = Release;
		};
		17203F5C2598935A00F4F3A5 /* Debug */ = {
			isa = XCBuildConfiguration;
			buildSettings = {
				ASSETCATALOG_COMPILER_APPICON_NAME = AppIcon;
				ASSETCATALOG_COMPILER_GLOBAL_ACCENT_COLOR_NAME = AccentColor;
				CODE_SIGN_STYLE = Automatic;
				DEVELOPMENT_TEAM = 3DQCLT8XB3;
				INFOPLIST_FILE = Test/Info.plist;
				LD_RUNPATH_SEARCH_PATHS = (
					"$(inherited)",
					"@executable_path/Frameworks",
				);
				PRODUCT_BUNDLE_IDENTIFIER = "de.htw-berlin.Test";
				PRODUCT_NAME = "$(TARGET_NAME)";
				SWIFT_VERSION = 5.0;
				TARGETED_DEVICE_FAMILY = "1,2";
			};
			name = Debug;
		};
		17203F5D2598935A00F4F3A5 /* Release */ = {
			isa = XCBuildConfiguration;
			buildSettings = {
				ASSETCATALOG_COMPILER_APPICON_NAME = AppIcon;
				ASSETCATALOG_COMPILER_GLOBAL_ACCENT_COLOR_NAME = AccentColor;
				CODE_SIGN_STYLE = Automatic;
				DEVELOPMENT_TEAM = 3DQCLT8XB3;
				INFOPLIST_FILE = Test/Info.plist;
				LD_RUNPATH_SEARCH_PATHS = (
					"$(inherited)",
					"@executable_path/Frameworks",
				);
				PRODUCT_BUNDLE_IDENTIFIER = "de.htw-berlin.Test";
				PRODUCT_NAME = "$(TARGET_NAME)";
				SWIFT_VERSION = 5.0;
				TARGETED_DEVICE_FAMILY = "1,2";
			};
			name = Release;
		};
		17203F5F2598935A00F4F3A5 /* Debug */ = {
			isa = XCBuildConfiguration;
			buildSettings = {
				ALWAYS_EMBED_SWIFT_STANDARD_LIBRARIES = YES;
				BUNDLE_LOADER = "$(TEST_HOST)";
				CODE_SIGN_STYLE = Automatic;
				DEVELOPMENT_TEAM = 3DQCLT8XB3;
				INFOPLIST_FILE = TestTests/Info.plist;
				IPHONEOS_DEPLOYMENT_TARGET = 14.3;
				LD_RUNPATH_SEARCH_PATHS = (
					"$(inherited)",
					"@executable_path/Frameworks",
					"@loader_path/Frameworks",
				);
				PRODUCT_BUNDLE_IDENTIFIER = "de.htw-berlin.TestTests";
				PRODUCT_NAME = "$(TARGET_NAME)";
				SWIFT_VERSION = 5.0;
				TARGETED_DEVICE_FAMILY = "1,2";
				TEST_HOST = "$(BUILT_PRODUCTS_DIR)/Test.app/Test";
			};
			name = Debug;
		};
		17203F602598935A00F4F3A5 /* Release */ = {
			isa = XCBuildConfiguration;
			buildSettings = {
				ALWAYS_EMBED_SWIFT_STANDARD_LIBRARIES = YES;
				BUNDLE_LOADER = "$(TEST_HOST)";
				CODE_SIGN_STYLE = Automatic;
				DEVELOPMENT_TEAM = 3DQCLT8XB3;
				INFOPLIST_FILE = TestTests/Info.plist;
				IPHONEOS_DEPLOYMENT_TARGET = 14.3;
				LD_RUNPATH_SEARCH_PATHS = (
					"$(inherited)",
					"@executable_path/Frameworks",
					"@loader_path/Frameworks",
				);
				PRODUCT_BUNDLE_IDENTIFIER = "de.htw-berlin.TestTests";
				PRODUCT_NAME = "$(TARGET_NAME)";
				SWIFT_VERSION = 5.0;
				TARGETED_DEVICE_FAMILY = "1,2";
				TEST_HOST = "$(BUILT_PRODUCTS_DIR)/Test.app/Test";
			};
			name = Release;
		};
		17203F622598935A00F4F3A5 /* Debug */ = {
			isa = XCBuildConfiguration;
			buildSettings = {
				ALWAYS_EMBED_SWIFT_STANDARD_LIBRARIES = YES;
				CODE_SIGN_STYLE = Automatic;
				DEVELOPMENT_TEAM = 3DQCLT8XB3;
				INFOPLIST_FILE = TestUITests/Info.plist;
				LD_RUNPATH_SEARCH_PATHS = (
					"$(inherited)",
					"@executable_path/Frameworks",
					"@loader_path/Frameworks",
				);
				PRODUCT_BUNDLE_IDENTIFIER = "de.htw-berlin.TestUITests";
				PRODUCT_NAME = "$(TARGET_NAME)";
				SWIFT_VERSION = 5.0;
				TARGETED_DEVICE_FAMILY = "1,2";
				TEST_TARGET_NAME = Test;
			};
			name = Debug;
		};
		17203F632598935A00F4F3A5 /* Release */ = {
			isa = XCBuildConfiguration;
			buildSettings = {
				ALWAYS_EMBED_SWIFT_STANDARD_LIBRARIES = YES;
				CODE_SIGN_STYLE = Automatic;
				DEVELOPMENT_TEAM = 3DQCLT8XB3;
				INFOPLIST_FILE = TestUITests/Info.plist;
				LD_RUNPATH_SEARCH_PATHS = (
					"$(inherited)",
					"@executable_path/Frameworks",
					"@loader_path/Frameworks",
				);
				PRODUCT_BUNDLE_IDENTIFIER = "de.htw-berlin.TestUITests";
				PRODUCT_NAME = "$(TARGET_NAME)";
				SWIFT_VERSION = 5.0;
				TARGETED_DEVICE_FAMILY = "1,2";
				TEST_TARGET_NAME = Test;
			};
			name = Release;
		};
/* End XCBuildConfiguration section */

/* Begin XCConfigurationList section */
		17203F2C2598935800F4F3A5 /* Build configuration list for PBXProject "Test" */ = {
			isa = XCConfigurationList;
			buildConfigurations = (
				17203F592598935A00F4F3A5 /* Debug */,
				17203F5A2598935A00F4F3A5 /* Release */,
			);
			defaultConfigurationIsVisible = 0;
			defaultConfigurationName = Release;
		};
		17203F5B2598935A00F4F3A5 /* Build configuration list for PBXNativeTarget "Test" */ = {
			isa = XCConfigurationList;
			buildConfigurations = (
				17203F5C2598935A00F4F3A5 /* Debug */,
				17203F5D2598935A00F4F3A5 /* Release */,
			);
			defaultConfigurationIsVisible = 0;
			defaultConfigurationName = Release;
		};
		17203F5E2598935A00F4F3A5 /* Build configuration list for PBXNativeTarget "TestTests" */ = {
			isa = XCConfigurationList;
			buildConfigurations = (
				17203F5F2598935A00F4F3A5 /* Debug */,
				17203F602598935A00F4F3A5 /* Release */,
			);
			defaultConfigurationIsVisible = 0;
			defaultConfigurationName = Release;
		};
		17203F612598935A00F4F3A5 /* Build configuration list for PBXNativeTarget "TestUITests" */ = {
			isa = XCConfigurationList;
			buildConfigurations = (
				17203F622598935A00F4F3A5 /* Debug */,
				17203F632598935A00F4F3A5 /* Release */,
			);
			defaultConfigurationIsVisible = 0;
			defaultConfigurationName = Release;
		};
/* End XCConfigurationList section */
	};
	rootObject = 17203F292598935800F4F3A5 /* Project object */;
}
